
Microsoft Visual Studio Solution File, Format Version 12.00
# Visual Studio Version 16
VisualStudioVersion = 16.0.30114.105
MinimumVisualStudioVersion = 10.0.40219.1
Project("{FAE04EC0-301F-11D3-BF4B-00C04F79EFBC}") = "CmsShoppingCart", "CmsShoppingCart.csproj", "{202D672C-9142-4B14-90E8-A8F1F561D585}"
EndProject
Global
	GlobalSection(SolutionConfigurationPlatforms) = preSolution
		Debug|Any CPU = Debug|Any CPU
		Release|Any CPU = Release|Any CPU
	EndGlobalSection
	GlobalSection(ProjectConfigurationPlatforms) = postSolution
		{202D672C-9142-4B14-90E8-A8F1F561D585}.Debug|Any CPU.ActiveCfg = Debug|Any CPU
		{202D672C-9142-4B14-90E8-A8F1F561D585}.Debug|Any CPU.Build.0 = Debug|Any CPU
		{202D672C-9142-4B14-90E8-A8F1F561D585}.Release|Any CPU.ActiveCfg = Release|Any CPU
		{202D672C-9142-4B14-90E8-A8F1F561D585}.Release|Any CPU.Build.0 = Release|Any CPU
	EndGlobalSection
	GlobalSection(SolutionProperties) = preSolution
		HideSolutionNode = FALSE
	EndGlobalSection
	GlobalSection(ExtensibilityGlobals) = postSolution
		SolutionGuid = {F656F7D0-F2E8-4067-94B2-F5B3BF0BC317}
	EndGlobalSection
EndGlobal
